
Microsoft Visual Studio Solution File, Format Version 12.00
# Visual Studio Version 17
VisualStudioVersion = 17.5.002.0
MinimumVisualStudioVersion = 10.0.40219.1
Project("{9A19103F-16F7-4668-BE54-9A1E7A4F7556}") = "C##", "C##.csproj", "{5E83A37F-6E55-4AAE-B21A-6090C746CC78}"
EndProject
Global
	GlobalSection(SolutionConfigurationPlatforms) = preSolution
		Debug|Any CPU = Debug|Any CPU
		Release|Any CPU = Release|Any CPU
	EndGlobalSection
	GlobalSection(ProjectConfigurationPlatforms) = postSolution
		{5E83A37F-6E55-4AAE-B21A-6090C746CC78}.Debug|Any CPU.ActiveCfg = Debug|Any CPU
		{5E83A37F-6E55-4AAE-B21A-6090C746CC78}.Debug|Any CPU.Build.0 = Debug|Any CPU
		{5E83A37F-6E55-4AAE-B21A-6090C746CC78}.Release|Any CPU.ActiveCfg = Release|Any CPU
		{5E83A37F-6E55-4AAE-B21A-6090C746CC78}.Release|Any CPU.Build.0 = Release|Any CPU
	EndGlobalSection
	GlobalSection(SolutionProperties) = preSolution
		HideSolutionNode = FALSE
	EndGlobalSection
	GlobalSection(ExtensibilityGlobals) = postSolution
		SolutionGuid = {E0231F87-B08C-425E-A7C3-F3226B269406}
	EndGlobalSection
EndGlobal
